// !$*UTF8*$!
{
	archiveVersion = 1;
	classes = {
	};
	objectVersion = 50;
	objects = {

/* Begin PBXBuildFile section */
		F527E6162378CD2C00B80116 /* AppDelegate.swift in Sources */ = {isa = PBXBuildFile; fileRef = F527E6152378CD2C00B80116 /* AppDelegate.swift */; };
		F527E6182378CD2C00B80116 /* SceneDelegate.swift in Sources */ = {isa = PBXBuildFile; fileRef = F527E6172378CD2C00B80116 /* SceneDelegate.swift */; };
		F527E61D2378CD2C00B80116 /* Main.storyboard in Resources */ = {isa = PBXBuildFile; fileRef = F527E61B2378CD2C00B80116 /* Main.storyboard */; };
		F527E61F2378CD3000B80116 /* Assets.xcassets in Resources */ = {isa = PBXBuildFile; fileRef = F527E61E2378CD3000B80116 /* Assets.xcassets */; };
		F527E6222378CD3000B80116 /* LaunchScreen.storyboard in Resources */ = {isa = PBXBuildFile; fileRef = F527E6202378CD3000B80116 /* LaunchScreen.storyboard */; };
		F527E62B2378D6B600B80116 /* Recipient.swift in Sources */ = {isa = PBXBuildFile; fileRef = F527E62A2378D6B600B80116 /* Recipient.swift */; };
		F527E62E2378DDBF00B80116 /* Message.swift in Sources */ = {isa = PBXBuildFile; fileRef = F527E62D2378DDBF00B80116 /* Message.swift */; };
		F527E6302378DF9A00B80116 /* ErrorCodes.swift in Sources */ = {isa = PBXBuildFile; fileRef = F527E62F2378DF9900B80116 /* ErrorCodes.swift */; };
		F527E6322378E14E00B80116 /* ListTableViewController.swift in Sources */ = {isa = PBXBuildFile; fileRef = F527E6312378E14E00B80116 /* ListTableViewController.swift */; };
		F527E6362378E6E200B80116 /* write_msg.png in Resources */ = {isa = PBXBuildFile; fileRef = F527E6352378E6E100B80116 /* write_msg.png */; };
		F527E6382379043D00B80116 /* ComposeTableViewController.swift in Sources */ = {isa = PBXBuildFile; fileRef = F527E6372379043D00B80116 /* ComposeTableViewController.swift */; };
		F527E63A2379145E00B80116 /* ComposeViewController.swift in Sources */ = {isa = PBXBuildFile; fileRef = F527E6392379145E00B80116 /* ComposeViewController.swift */; };
		F5C86B33237F328E0071646A /* DateTableViewCell.swift in Sources */ = {isa = PBXBuildFile; fileRef = F5C86B32237F328E0071646A /* DateTableViewCell.swift */; };
		F5C86B35237F32CB0071646A /* DatePickerTableViewCell.swift in Sources */ = {isa = PBXBuildFile; fileRef = F5C86B34237F32CB0071646A /* DatePickerTableViewCell.swift */; };
		F5C86B3A237F37420071646A /* DatePickerTableViewCell.xib in Resources */ = {isa = PBXBuildFile; fileRef = F5C86B39237F37410071646A /* DatePickerTableViewCell.xib */; };
		F5C86B3C2381F3DF0071646A /* Email.swift in Sources */ = {isa = PBXBuildFile; fileRef = F5C86B3B2381F3DF0071646A /* Email.swift */; };
		F5C86B3E23821AEE0071646A /* InfoViewController.swift in Sources */ = {isa = PBXBuildFile; fileRef = F5C86B3D23821AEE0071646A /* InfoViewController.swift */; };
/* End PBXBuildFile section */

/* Begin PBXFileReference section */
		F527E6122378CD2C00B80116 /* Avant.app */ = {isa = PBXFileReference; explicitFileType = wrapper.application; includeInIndex = 0; path = Avant.app; sourceTree = BUILT_PRODUCTS_DIR; };
		F527E6152378CD2C00B80116 /* AppDelegate.swift */ = {isa = PBXFileReference; lastKnownFileType = sourcecode.swift; path = AppDelegate.swift; sourceTree = "<group>"; };
		F527E6172378CD2C00B80116 /* SceneDelegate.swift */ = {isa = PBXFileReference; lastKnownFileType = sourcecode.swift; path = SceneDelegate.swift; sourceTree = "<group>"; };
		F527E61C2378CD2C00B80116 /* Base */ = {isa = PBXFileReference; lastKnownFileType = file.storyboard; name = Base; path = Base.lproj/Main.storyboard; sourceTree = "<group>"; };
		F527E61E2378CD3000B80116 /* Assets.xcassets */ = {isa = PBXFileReference; lastKnownFileType = folder.assetcatalog; path = Assets.xcassets; sourceTree = "<group>"; };
		F527E6212378CD3000B80116 /* Base */ = {isa = PBXFileReference; lastKnownFileType = file.storyboard; name = Base; path = Base.lproj/LaunchScreen.storyboard; sourceTree = "<group>"; };
		F527E6232378CD3000B80116 /* Info.plist */ = {isa = PBXFileReference; lastKnownFileType = text.plist.xml; path = Info.plist; sourceTree = "<group>"; };
		F527E62A2378D6B600B80116 /* Recipient.swift */ = {isa = PBXFileReference; lastKnownFileType = sourcecode.swift; path = Recipient.swift; sourceTree = "<group>"; };
		F527E62D2378DDBF00B80116 /* Message.swift */ = {isa = PBXFileReference; lastKnownFileType = sourcecode.swift; path = Message.swift; sourceTree = "<group>"; };
		F527E62F2378DF9900B80116 /* ErrorCodes.swift */ = {isa = PBXFileReference; lastKnownFileType = sourcecode.swift; path = ErrorCodes.swift; sourceTree = "<group>"; };
		F527E6312378E14E00B80116 /* ListTableViewController.swift */ = {isa = PBXFileReference; lastKnownFileType = sourcecode.swift; path = ListTableViewController.swift; sourceTree = "<group>"; };
		F527E6352378E6E100B80116 /* write_msg.png */ = {isa = PBXFileReference; lastKnownFileType = image.png; path = write_msg.png; sourceTree = "<group>"; };
		F527E6372379043D00B80116 /* ComposeTableViewController.swift */ = {isa = PBXFileReference; lastKnownFileType = sourcecode.swift; path = ComposeTableViewController.swift; sourceTree = "<group>"; };
		F527E6392379145E00B80116 /* ComposeViewController.swift */ = {isa = PBXFileReference; lastKnownFileType = sourcecode.swift; path = ComposeViewController.swift; sourceTree = "<group>"; };
		F5C86B32237F328E0071646A /* DateTableViewCell.swift */ = {isa = PBXFileReference; lastKnownFileType = sourcecode.swift; path = DateTableViewCell.swift; sourceTree = "<group>"; };
		F5C86B34237F32CB0071646A /* DatePickerTableViewCell.swift */ = {isa = PBXFileReference; lastKnownFileType = sourcecode.swift; path = DatePickerTableViewCell.swift; sourceTree = "<group>"; };
		F5C86B39237F37410071646A /* DatePickerTableViewCell.xib */ = {isa = PBXFileReference; fileEncoding = 4; lastKnownFileType = file.xib; path = DatePickerTableViewCell.xib; sourceTree = "<group>"; };
		F5C86B3B2381F3DF0071646A /* Email.swift */ = {isa = PBXFileReference; lastKnownFileType = sourcecode.swift; path = Email.swift; sourceTree = "<group>"; };
		F5C86B3D23821AEE0071646A /* InfoViewController.swift */ = {isa = PBXFileReference; lastKnownFileType = sourcecode.swift; path = InfoViewController.swift; sourceTree = "<group>"; };
/* End PBXFileReference section */

/* Begin PBXFrameworksBuildPhase section */
		F527E60F2378CD2C00B80116 /* Frameworks */ = {
			isa = PBXFrameworksBuildPhase;
			buildActionMask = 2147483647;
			files = (
			);
			runOnlyForDeploymentPostprocessing = 0;
		};
/* End PBXFrameworksBuildPhase section */

/* Begin PBXGroup section */
		F527E6092378CD2C00B80116 = {
			isa = PBXGroup;
			children = (
				F527E6142378CD2C00B80116 /* Avant */,
				F527E6132378CD2C00B80116 /* Products */,
			);
			sourceTree = "<group>";
		};
		F527E6132378CD2C00B80116 /* Products */ = {
			isa = PBXGroup;
			children = (
				F527E6122378CD2C00B80116 /* Avant.app */,
			);
			name = Products;
			sourceTree = "<group>";
		};
		F527E6142378CD2C00B80116 /* Avant */ = {
			isa = PBXGroup;
			children = (
				F5C86B36237F35FA0071646A /* xib */,
				F527E62C2378D82700B80116 /* images */,
				F527E6292378D6A600B80116 /* src */,
				F527E6152378CD2C00B80116 /* AppDelegate.swift */,
				F527E6172378CD2C00B80116 /* SceneDelegate.swift */,
				F527E61B2378CD2C00B80116 /* Main.storyboard */,
				F527E61E2378CD3000B80116 /* Assets.xcassets */,
				F527E6202378CD3000B80116 /* LaunchScreen.storyboard */,
				F527E6232378CD3000B80116 /* Info.plist */,
				F527E6312378E14E00B80116 /* ListTableViewController.swift */,
				F527E6372379043D00B80116 /* ComposeTableViewController.swift */,
				F527E6392379145E00B80116 /* ComposeViewController.swift */,
				F5C86B3D23821AEE0071646A /* InfoViewController.swift */,
			);
			path = Avant;
			sourceTree = "<group>";
		};
		F527E6292378D6A600B80116 /* src */ = {
			isa = PBXGroup;
			children = (
				F527E62A2378D6B600B80116 /* Recipient.swift */,
				F527E62D2378DDBF00B80116 /* Message.swift */,
				F527E62F2378DF9900B80116 /* ErrorCodes.swift */,
				F5C86B32237F328E0071646A /* DateTableViewCell.swift */,
				F5C86B34237F32CB0071646A /* DatePickerTableViewCell.swift */,
				F5C86B3B2381F3DF0071646A /* Email.swift */,
			);
			path = src;
			sourceTree = "<group>";
		};
		F527E62C2378D82700B80116 /* images */ = {
			isa = PBXGroup;
			children = (
				F527E6352378E6E100B80116 /* write_msg.png */,
			);
			path = images;
			sourceTree = "<group>";
		};
		F5C86B36237F35FA0071646A /* xib */ = {
			isa = PBXGroup;
			children = (
				F5C86B39237F37410071646A /* DatePickerTableViewCell.xib */,
			);
			path = xib;
			sourceTree = "<group>";
		};
/* End PBXGroup section */

/* Begin PBXNativeTarget section */
		F527E6112378CD2C00B80116 /* Avant */ = {
			isa = PBXNativeTarget;
			buildConfigurationList = F527E6262378CD3000B80116 /* Build configuration list for PBXNativeTarget "Avant" */;
			buildPhases = (
				F527E60E2378CD2C00B80116 /* Sources */,
				F527E60F2378CD2C00B80116 /* Frameworks */,
				F527E6102378CD2C00B80116 /* Resources */,
			);
			buildRules = (
			);
			dependencies = (
			);
			name = Avant;
			productName = Avant;
			productReference = F527E6122378CD2C00B80116 /* Avant.app */;
			productType = "com.apple.product-type.application";
		};
/* End PBXNativeTarget section */

/* Begin PBXProject section */
		F527E60A2378CD2C00B80116 /* Project object */ = {
			isa = PBXProject;
			attributes = {
				LastSwiftUpdateCheck = 1100;
				LastUpgradeCheck = 1100;
				ORGANIZATIONNAME = otet_tud;
				TargetAttributes = {
					F527E6112378CD2C00B80116 = {
						CreatedOnToolsVersion = 11.0;
					};
				};
			};
			buildConfigurationList = F527E60D2378CD2C00B80116 /* Build configuration list for PBXProject "Avant" */;
			compatibilityVersion = "Xcode 9.3";
			developmentRegion = en;
			hasScannedForEncodings = 0;
			knownRegions = (
				en,
				Base,
			);
			mainGroup = F527E6092378CD2C00B80116;
			productRefGroup = F527E6132378CD2C00B80116 /* Products */;
			projectDirPath = "";
			projectRoot = "";
			targets = (
				F527E6112378CD2C00B80116 /* Avant */,
			);
		};
/* End PBXProject section */

/* Begin PBXResourcesBuildPhase section */
		F527E6102378CD2C00B80116 /* Resources */ = {
			isa = PBXResourcesBuildPhase;
			buildActionMask = 2147483647;
			files = (
				F527E6222378CD3000B80116 /* LaunchScreen.storyboard in Resources */,
				F527E6362378E6E200B80116 /* write_msg.png in Resources */,
				F527E61F2378CD3000B80116 /* Assets.xcassets in Resources */,
				F527E61D2378CD2C00B80116 /* Main.storyboard in Resources */,
				F5C86B3A237F37420071646A /* DatePickerTableViewCell.xib in Resources */,
			);
			runOnlyForDeploymentPostprocessing = 0;
		};
/* End PBXResourcesBuildPhase section */

/* Begin PBXSourcesBuildPhase section */
		F527E60E2378CD2C00B80116 /* Sources */ = {
			isa = PBXSourcesBuildPhase;
			buildActionMask = 2147483647;
			files = (
				F527E6162378CD2C00B80116 /* AppDelegate.swift in Sources */,
				F527E62E2378DDBF00B80116 /* Message.swift in Sources */,
				F527E6302378DF9A00B80116 /* ErrorCodes.swift in Sources */,
				F527E63A2379145E00B80116 /* ComposeViewController.swift in Sources */,
				F5C86B3C2381F3DF0071646A /* Email.swift in Sources */,
				F527E6382379043D00B80116 /* ComposeTableViewController.swift in Sources */,
				F527E6322378E14E00B80116 /* ListTableViewController.swift in Sources */,
				F527E6182378CD2C00B80116 /* SceneDelegate.swift in Sources */,
				F5C86B33237F328E0071646A /* DateTableViewCell.swift in Sources */,
				F527E62B2378D6B600B80116 /* Recipient.swift in Sources */,
				F5C86B3E23821AEE0071646A /* InfoViewController.swift in Sources */,
				F5C86B35237F32CB0071646A /* DatePickerTableViewCell.swift in Sources */,
			);
			runOnlyForDeploymentPostprocessing = 0;
		};
/* End PBXSourcesBuildPhase section */

/* Begin PBXVariantGroup section */
		F527E61B2378CD2C00B80116 /* Main.storyboard */ = {
			isa = PBXVariantGroup;
			children = (
				F527E61C2378CD2C00B80116 /* Base */,
			);
			name = Main.storyboard;
			sourceTree = "<group>";
		};
		F527E6202378CD3000B80116 /* LaunchScreen.storyboard */ = {
			isa = PBXVariantGroup;
			children = (
				F527E6212378CD3000B80116 /* Base */,
			);
			name = LaunchScreen.storyboard;
			sourceTree = "<group>";
		};
/* End PBXVariantGroup section */

/* Begin XCBuildConfiguration section */
		F527E6242378CD3000B80116 /* Debug */ = {
			isa = XCBuildConfiguration;
			buildSettings = {
				ALWAYS_SEARCH_USER_PATHS = NO;
				CLANG_ANALYZER_NONNULL = YES;
				CLANG_ANALYZER_NUMBER_OBJECT_CONVERSION = YES_AGGRESSIVE;
				CLANG_CXX_LANGUAGE_STANDARD = "gnu++14";
				CLANG_CXX_LIBRARY = "libc++";
				CLANG_ENABLE_MODULES = YES;
				CLANG_ENABLE_OBJC_ARC = YES;
				CLANG_ENABLE_OBJC_WEAK = YES;
				CLANG_WARN_BLOCK_CAPTURE_AUTORELEASING = YES;
				CLANG_WARN_BOOL_CONVERSION = YES;
				CLANG_WARN_COMMA = YES;
				CLANG_WARN_CONSTANT_CONVERSION = YES;
				CLANG_WARN_DEPRECATED_OBJC_IMPLEMENTATIONS = YES;
				CLANG_WARN_DIRECT_OBJC_ISA_USAGE = YES_ERROR;
				CLANG_WARN_DOCUMENTATION_COMMENTS = YES;
				CLANG_WARN_EMPTY_BODY = YES;
				CLANG_WARN_ENUM_CONVERSION = YES;
				CLANG_WARN_INFINITE_RECURSION = YES;
				CLANG_WARN_INT_CONVERSION = YES;
				CLANG_WARN_NON_LITERAL_NULL_CONVERSION = YES;
				CLANG_WARN_OBJC_IMPLICIT_RETAIN_SELF = YES;
				CLANG_WARN_OBJC_LITERAL_CONVERSION = YES;
				CLANG_WARN_OBJC_ROOT_CLASS = YES_ERROR;
				CLANG_WARN_RANGE_LOOP_ANALYSIS = YES;
				CLANG_WARN_STRICT_PROTOTYPES = YES;
				CLANG_WARN_SUSPICIOUS_MOVE = YES;
				CLANG_WARN_UNGUARDED_AVAILABILITY = YES_AGGRESSIVE;
				CLANG_WARN_UNREACHABLE_CODE = YES;
				CLANG_WARN__DUPLICATE_METHOD_MATCH = YES;
				COPY_PHASE_STRIP = NO;
				DEBUG_INFORMATION_FORMAT = dwarf;
				ENABLE_STRICT_OBJC_MSGSEND = YES;
				ENABLE_TESTABILITY = YES;
				GCC_C_LANGUAGE_STANDARD = gnu11;
				GCC_DYNAMIC_NO_PIC = NO;
				GCC_NO_COMMON_BLOCKS = YES;
				GCC_OPTIMIZATION_LEVEL = 0;
				GCC_PREPROCESSOR_DEFINITIONS = (
					"DEBUG=1",
					"$(inherited)",
				);
				GCC_WARN_64_TO_32_BIT_CONVERSION = YES;
				GCC_WARN_ABOUT_RETURN_TYPE = YES_ERROR;
				GCC_WARN_UNDECLARED_SELECTOR = YES;
				GCC_WARN_UNINITIALIZED_AUTOS = YES_AGGRESSIVE;
				GCC_WARN_UNUSED_FUNCTION = YES;
				GCC_WARN_UNUSED_VARIABLE = YES;
				IPHONEOS_DEPLOYMENT_TARGET = 13.0;
				MTL_ENABLE_DEBUG_INFO = INCLUDE_SOURCE;
				MTL_FAST_MATH = YES;
				ONLY_ACTIVE_ARCH = YES;
				SDKROOT = iphoneos;
				SWIFT_ACTIVE_COMPILATION_CONDITIONS = DEBUG;
				SWIFT_OPTIMIZATION_LEVEL = "-Onone";
			};
			name = Debug;
		};
		F527E6252378CD3000B80116 /* Release */ = {
			isa = XCBuildConfiguration;
			buildSettings = {
				ALWAYS_SEARCH_USER_PATHS = NO;
				CLANG_ANALYZER_NONNULL = YES;
				CLANG_ANALYZER_NUMBER_OBJECT_CONVERSION = YES_AGGRESSIVE;
				CLANG_CXX_LANGUAGE_STANDARD = "gnu++14";
				CLANG_CXX_LIBRARY = "libc++";
				CLANG_ENABLE_MODULES = YES;
				CLANG_ENABLE_OBJC_ARC = YES;
				CLANG_ENABLE_OBJC_WEAK = YES;
				CLANG_WARN_BLOCK_CAPTURE_AUTORELEASING = YES;
				CLANG_WARN_BOOL_CONVERSION = YES;
				CLANG_WARN_COMMA = YES;
				CLANG_WARN_CONSTANT_CONVERSION = YES;
				CLANG_WARN_DEPRECATED_OBJC_IMPLEMENTATIONS = YES;
				CLANG_WARN_DIRECT_OBJC_ISA_USAGE = YES_ERROR;
				CLANG_WARN_DOCUMENTATION_COMMENTS = YES;
				CLANG_WARN_EMPTY_BODY = YES;
				CLANG_WARN_ENUM_CONVERSION = YES;
				CLANG_WARN_INFINITE_RECURSION = YES;
				CLANG_WARN_INT_CONVERSION = YES;
				CLANG_WARN_NON_LITERAL_NULL_CONVERSION = YES;
				CLANG_WARN_OBJC_IMPLICIT_RETAIN_SELF = YES;
				CLANG_WARN_OBJC_LITERAL_CONVERSION = YES;
				CLANG_WARN_OBJC_ROOT_CLASS = YES_ERROR;
				CLANG_WARN_RANGE_LOOP_ANALYSIS = YES;
				CLANG_WARN_STRICT_PROTOTYPES = YES;
				CLANG_WARN_SUSPICIOUS_MOVE = YES;
				CLANG_WARN_UNGUARDED_AVAILABILITY = YES_AGGRESSIVE;
				CLANG_WARN_UNREACHABLE_CODE = YES;
				CLANG_WARN__DUPLICATE_METHOD_MATCH = YES;
				COPY_PHASE_STRIP = NO;
				DEBUG_INFORMATION_FORMAT = "dwarf-with-dsym";
				ENABLE_NS_ASSERTIONS = NO;
				ENABLE_STRICT_OBJC_MSGSEND = YES;
				GCC_C_LANGUAGE_STANDARD = gnu11;
				GCC_NO_COMMON_BLOCKS = YES;
				GCC_WARN_64_TO_32_BIT_CONVERSION = YES;
				GCC_WARN_ABOUT_RETURN_TYPE = YES_ERROR;
				GCC_WARN_UNDECLARED_SELECTOR = YES;
				GCC_WARN_UNINITIALIZED_AUTOS = YES_AGGRESSIVE;
				GCC_WARN_UNUSED_FUNCTION = YES;
				GCC_WARN_UNUSED_VARIABLE = YES;
				IPHONEOS_DEPLOYMENT_TARGET = 13.0;
				MTL_ENABLE_DEBUG_INFO = NO;
				MTL_FAST_MATH = YES;
				SDKROOT = iphoneos;
				SWIFT_COMPILATION_MODE = wholemodule;
				SWIFT_OPTIMIZATION_LEVEL = "-O";
				VALIDATE_PRODUCT = YES;
			};
			name = Release;
		};
		F527E6272378CD3000B80116 /* Debug */ = {
			isa = XCBuildConfiguration;
			buildSettings = {
				ASSETCATALOG_COMPILER_APPICON_NAME = AppIcon;
				CODE_SIGN_STYLE = Automatic;
				DEVELOPMENT_TEAM = 7YDJ6J5D4V;
				INFOPLIST_FILE = Avant/Info.plist;
				LD_RUNPATH_SEARCH_PATHS = (
					"$(inherited)",
					"@executable_path/Frameworks",
				);
				PRODUCT_BUNDLE_IDENTIFIER = "-115.Avant";
				PRODUCT_NAME = "$(TARGET_NAME)";
				SWIFT_VERSION = 5.0;
				TARGETED_DEVICE_FAMILY = "1,2";
			};
			name = Debug;
		};
		F527E6282378CD3000B80116 /* Release */ = {
			isa = XCBuildConfiguration;
			buildSettings = {
				ASSETCATALOG_COMPILER_APPICON_NAME = AppIcon;
				CODE_SIGN_STYLE = Automatic;
				DEVELOPMENT_TEAM = 2695693848;
				INFOPLIST_FILE = Avant/Info.plist;
				LD_RUNPATH_SEARCH_PATHS = (
					"$(inherited)",
					"@executable_path/Frameworks",
				);
				PRODUCT_BUNDLE_IDENTIFIER = "-115.Avant";
				PRODUCT_NAME = "$(TARGET_NAME)";
				SWIFT_VERSION = 5.0;
				TARGETED_DEVICE_FAMILY = "1,2";
			};
			name = Release;
		};
/* End XCBuildConfiguration section */

/* Begin XCConfigurationList section */
		F527E60D2378CD2C00B80116 /* Build configuration list for PBXProject "Avant" */ = {
			isa = XCConfigurationList;
			buildConfigurations = (
				F527E6242378CD3000B80116 /* Debug */,
				F527E6252378CD3000B80116 /* Release */,
			);
			defaultConfigurationIsVisible = 0;
			defaultConfigurationName = Release;
		};
		F527E6262378CD3000B80116 /* Build configuration list for PBXNativeTarget "Avant" */ = {
			isa = XCConfigurationList;
			buildConfigurations = (
				F527E6272378CD3000B80116 /* Debug */,
				F527E6282378CD3000B80116 /* Release */,
			);
			defaultConfigurationIsVisible = 0;
			defaultConfigurationName = Release;
		};
/* End XCConfigurationList section */
	};
	rootObject = F527E60A2378CD2C00B80116 /* Project object */;
}
